{
  "name": "@logo/table",
  "version": "0.0.2",
  "lockfileVersion": 1,
  "requires": true,
  "dependencies": {
    "@logo/paging": {
      "version": "0.0.1",
      "resolved": "https://dregistry.logo.com.tr/repository/npm-logfe-group/@logo/paging/-/paging-0.0.1.tgz",
      "integrity": "sha512-IJD6jwrbbP+6ugSX5Y1GlGn8742amXAB+WfG2SzheHDoF6NLkzGYqEuMw7d76cDqtcF8RNZ5/jGm22DA+KVXoA==",
      "requires": {
        "tslib": "^1.9.0"
      }
    },
    "element-resize-event": {
      "version": "3.0.3",
      "resolved": "https://dregistry.logo.com.tr/repository/npm-logfe-group/element-resize-event/-/element-resize-event-3.0.3.tgz",
      "integrity": "sha512-vhGNxT87PdZA6Ak4E0QhArwGzNcSPUwSN7n9wCFLeBlY2NNuuiwguQuQIp7P5oB65PLJ892yKcHiqz1xLWeiug=="
    },
    "tslib": {
      "version": "1.10.0",
      "resolved": "https://dregistry.logo.com.tr/repository/npm-logfe-group/tslib/-/tslib-1.10.0.tgz",
      "integrity": "sha512-qOebF53frne81cf0S9B41ByenJ3/IuH8yJKngAX35CmiZySA0khhkovshKK+jGCaMnVomla7gVlIcc3EvKPbTQ=="
    }
  }
}
