{
  "name": "@logo/table",
  "version": "0.0.4",
  "lockfileVersion": 1,
  "requires": true,
  "dependencies": {
    "@logo/core": {
      "version": "0.0.7",
      "resolved": "https://dregistry.logo.com.tr/repository/npm-logfe-group/@logo/core/-/core-0.0.7.tgz",
      "integrity": "sha512-gW8Qpki3sjd2I30xXZkSfGspa6G1TPKf109b3SaQAyzR0twh+WcmkGRM5r8IXKP1S/BEOw96e8+/NOElZLGW9A==",
      "requires": {
        "moment": "^2.24.0",
        "tslib": "^1.9.0"
      }
    },
    "@logo/language": {
      "version": "0.0.1",
      "resolved": "https://dregistry.logo.com.tr/repository/npm-logfe-group/@logo/language/-/language-0.0.1.tgz",
      "integrity": "sha512-XyOrMS0SXob25wVudz2OHRFQJu+vfyeUmdKV7Yit5jbhbTWFwQS9Z4tOshFoF4bF2UZOkjPqbJw2WsODdLKbhA==",
      "requires": {
        "tslib": "^1.9.0"
      }
    },
    "@logo/paging": {
      "version": "0.0.2",
      "resolved": "https://dregistry.logo.com.tr/repository/npm-logfe-group/@logo/paging/-/paging-0.0.2.tgz",
      "integrity": "sha512-l1x+i67mTGYSsw6EQ6Sxl4pxsuwQu3CM0eA0icl98LE+FObQTPBMq/xM+m3zl3QGi8g1CxuAUx6hkNNE7YUTQA==",
      "requires": {
        "@logo/language": "^0.0.1",
        "tslib": "^1.9.0"
      }
    },
    "moment": {
      "version": "2.24.0",
      "resolved": "https://dregistry.logo.com.tr/repository/npm-logfe-group/moment/-/moment-2.24.0.tgz",
      "integrity": "sha512-bV7f+6l2QigeBBZSM/6yTNq4P2fNpSWj/0e7jQcy87A8e7o2nAfP/34/2ky5Vw4B9S446EtIhodAzkFCcR4dQg=="
    },
    "tslib": {
      "version": "1.10.0",
      "resolved": "https://dregistry.logo.com.tr/repository/npm-logfe-group/tslib/-/tslib-1.10.0.tgz",
      "integrity": "sha512-qOebF53frne81cf0S9B41ByenJ3/IuH8yJKngAX35CmiZySA0khhkovshKK+jGCaMnVomla7gVlIcc3EvKPbTQ=="
    }
  }
}
